
Microsoft Visual Studio Solution File, Format Version 12.00
# Visual Studio Version 17
VisualStudioVersion = 17.6.33815.320
MinimumVisualStudioVersion = 10.0.40219.1
Project("{FAE04EC0-301F-11D3-BF4B-00C04F79EFBC}") = "ProductsApp", "ProductsApp\ProductsApp.csproj", "{58552A15-3207-4CC5-8E15-C4F025DA39E1}"
EndProject
Project("{FAE04EC0-301F-11D3-BF4B-00C04F79EFBC}") = "ProductsApp.Tests", "ProductsApp.Tests\ProductsApp.Tests.csproj", "{1594122A-29B7-44AB-95C1-68AD33C40879}"
EndProject
Global
	GlobalSection(SolutionConfigurationPlatforms) = preSolution
		Debug|Any CPU = Debug|Any CPU
		Release|Any CPU = Release|Any CPU
	EndGlobalSection
	GlobalSection(ProjectConfigurationPlatforms) = postSolution
		{58552A15-3207-4CC5-8E15-C4F025DA39E1}.Debug|Any CPU.ActiveCfg = Debug|Any CPU
		{58552A15-3207-4CC5-8E15-C4F025DA39E1}.Debug|Any CPU.Build.0 = Debug|Any CPU
		{58552A15-3207-4CC5-8E15-C4F025DA39E1}.Release|Any CPU.ActiveCfg = Release|Any CPU
		{58552A15-3207-4CC5-8E15-C4F025DA39E1}.Release|Any CPU.Build.0 = Release|Any CPU
		{1594122A-29B7-44AB-95C1-68AD33C40879}.Debug|Any CPU.ActiveCfg = Debug|Any CPU
		{1594122A-29B7-44AB-95C1-68AD33C40879}.Debug|Any CPU.Build.0 = Debug|Any CPU
		{1594122A-29B7-44AB-95C1-68AD33C40879}.Release|Any CPU.ActiveCfg = Release|Any CPU
		{1594122A-29B7-44AB-95C1-68AD33C40879}.Release|Any CPU.Build.0 = Release|Any CPU
	EndGlobalSection
	GlobalSection(SolutionProperties) = preSolution
		HideSolutionNode = FALSE
	EndGlobalSection
	GlobalSection(ExtensibilityGlobals) = postSolution
		SolutionGuid = {54AF26EA-B227-4EFB-9039-5669C0011EA1}
	EndGlobalSection
EndGlobal
